
Microsoft Visual Studio Solution File, Format Version 12.00
# Visual Studio 15
VisualStudioVersion = 15.0.28307.489
MinimumVisualStudioVersion = 10.0.40219.1
Project("{FAE04EC0-301F-11D3-BF4B-00C04F79EFBC}") = "JavaScript", "JavaScript\JavaScript.csproj", "{14E3A196-DBCB-4E32-8687-8C4358F6592A}"
EndProject
Global
	GlobalSection(SolutionConfigurationPlatforms) = preSolution
		Debug|Any CPU = Debug|Any CPU
		Release|Any CPU = Release|Any CPU
	EndGlobalSection
	GlobalSection(ProjectConfigurationPlatforms) = postSolution
		{14E3A196-DBCB-4E32-8687-8C4358F6592A}.Debug|Any CPU.ActiveCfg = Debug|Any CPU
		{14E3A196-DBCB-4E32-8687-8C4358F6592A}.Debug|Any CPU.Build.0 = Debug|Any CPU
		{14E3A196-DBCB-4E32-8687-8C4358F6592A}.Release|Any CPU.ActiveCfg = Release|Any CPU
		{14E3A196-DBCB-4E32-8687-8C4358F6592A}.Release|Any CPU.Build.0 = Release|Any CPU
	EndGlobalSection
	GlobalSection(SolutionProperties) = preSolution
		HideSolutionNode = FALSE
	EndGlobalSection
	GlobalSection(ExtensibilityGlobals) = postSolution
		SolutionGuid = {0764976E-F214-4437-9C84-678C6922F12F}
	EndGlobalSection
EndGlobal
